
Microsoft Visual Studio Solution File, Format Version 12.00
# Visual Studio 2013
VisualStudioVersion = 12.0.31101.0
MinimumVisualStudioVersion = 10.0.40219.1
Project("{FAE04EC0-301F-11D3-BF4B-00C04F79EFBC}") = "GZipWebAPI", "GZipWebAPI\GZipWebAPI.csproj", "{A8C8FE24-B83E-4816-8C09-F8595F706994}"
EndProject
Global
	GlobalSection(SolutionConfigurationPlatforms) = preSolution
		Debug|Any CPU = Debug|Any CPU
		Release|Any CPU = Release|Any CPU
	EndGlobalSection
	GlobalSection(ProjectConfigurationPlatforms) = postSolution
		{A8C8FE24-B83E-4816-8C09-F8595F706994}.Debug|Any CPU.ActiveCfg = Debug|Any CPU
		{A8C8FE24-B83E-4816-8C09-F8595F706994}.Debug|Any CPU.Build.0 = Debug|Any CPU
		{A8C8FE24-B83E-4816-8C09-F8595F706994}.Release|Any CPU.ActiveCfg = Release|Any CPU
		{A8C8FE24-B83E-4816-8C09-F8595F706994}.Release|Any CPU.Build.0 = Release|Any CPU
	EndGlobalSection
	GlobalSection(SolutionProperties) = preSolution
		HideSolutionNode = FALSE
	EndGlobalSection
EndGlobal
